// !$*UTF8*$!
{
	archiveVersion = 1;
	classes = {
	};
	objectVersion = 56;
	objects = {

/* Begin PBXBuildFile section */
		0753A7342BC4498A00777837 /* main.swift in Sources */ = {isa = PBXBuildFile; fileRef = 0753A7332BC4498A00777837 /* main.swift */; };
		0753A73C2BC449BB00777837 /* NIO in Frameworks */ = {isa = PBXBuildFile; productRef = 0753A73B2BC449BB00777837 /* NIO */; };
		0753A73E2BC449BB00777837 /* NIOCore in Frameworks */ = {isa = PBXBuildFile; productRef = 0753A73D2BC449BB00777837 /* NIOCore */; };
		0753A7402BC449BB00777837 /* NIOHTTP1 in Frameworks */ = {isa = PBXBuildFile; productRef = 0753A73F2BC449BB00777837 /* NIOHTTP1 */; };
		07DDB74C2BC5A73100F3D470 /* Sensors.swift in Sources */ = {isa = PBXBuildFile; fileRef = 07DDB7492BC5A73100F3D470 /* Sensors.swift */; };
		07DDB74D2BC5A73100F3D470 /* smc.swift in Sources */ = {isa = PBXBuildFile; fileRef = 07DDB74A2BC5A73100F3D470 /* smc.swift */; };
/* End PBXBuildFile section */

/* Begin PBXCopyFilesBuildPhase section */
		0753A72E2BC4498A00777837 /* CopyFiles */ = {
			isa = PBXCopyFilesBuildPhase;
			buildActionMask = 2147483647;
			dstPath = /usr/share/man/man1/;
			dstSubfolderSpec = 0;
			files = (
			);
			runOnlyForDeploymentPostprocessing = 1;
		};
/* End PBXCopyFilesBuildPhase section */

/* Begin PBXFileReference section */
		0753A7302BC4498A00777837 /* smc_exporter */ = {isa = PBXFileReference; explicitFileType = "compiled.mach-o.executable"; includeInIndex = 0; path = smc_exporter; sourceTree = BUILT_PRODUCTS_DIR; };
		0753A7332BC4498A00777837 /* main.swift */ = {isa = PBXFileReference; lastKnownFileType = sourcecode.swift; path = main.swift; sourceTree = "<group>"; };
		07DDB7492BC5A73100F3D470 /* Sensors.swift */ = {isa = PBXFileReference; fileEncoding = 4; lastKnownFileType = sourcecode.swift; path = Sensors.swift; sourceTree = "<group>"; };
		07DDB74A2BC5A73100F3D470 /* smc.swift */ = {isa = PBXFileReference; fileEncoding = 4; lastKnownFileType = sourcecode.swift; path = smc.swift; sourceTree = "<group>"; };
/* End PBXFileReference section */

/* Begin PBXFrameworksBuildPhase section */
		0753A72D2BC4498A00777837 /* Frameworks */ = {
			isa = PBXFrameworksBuildPhase;
			buildActionMask = 2147483647;
			files = (
				0753A7402BC449BB00777837 /* NIOHTTP1 in Frameworks */,
				0753A73E2BC449BB00777837 /* NIOCore in Frameworks */,
				0753A73C2BC449BB00777837 /* NIO in Frameworks */,
			);
			runOnlyForDeploymentPostprocessing = 0;
		};
/* End PBXFrameworksBuildPhase section */

/* Begin PBXGroup section */
		0753A7272BC4498A00777837 = {
			isa = PBXGroup;
			children = (
				0753A7322BC4498A00777837 /* smc_exporter */,
				0753A7312BC4498A00777837 /* Products */,
			);
			sourceTree = "<group>";
		};
		0753A7312BC4498A00777837 /* Products */ = {
			isa = PBXGroup;
			children = (
				0753A7302BC4498A00777837 /* smc_exporter */,
			);
			name = Products;
			sourceTree = "<group>";
		};
		0753A7322BC4498A00777837 /* smc_exporter */ = {
			isa = PBXGroup;
			children = (
				0753A7332BC4498A00777837 /* main.swift */,
				07DDB7492BC5A73100F3D470 /* Sensors.swift */,
				07DDB74A2BC5A73100F3D470 /* smc.swift */,
			);
			path = smc_exporter;
			sourceTree = "<group>";
		};
/* End PBXGroup section */

/* Begin PBXNativeTarget section */
		0753A72F2BC4498A00777837 /* smc_exporter */ = {
			isa = PBXNativeTarget;
			buildConfigurationList = 0753A7372BC4498A00777837 /* Build configuration list for PBXNativeTarget "smc_exporter" */;
			buildPhases = (
				0753A72C2BC4498A00777837 /* Sources */,
				0753A72D2BC4498A00777837 /* Frameworks */,
				0753A72E2BC4498A00777837 /* CopyFiles */,
			);
			buildRules = (
			);
			dependencies = (
			);
			name = smc_exporter;
			packageProductDependencies = (
				0753A73B2BC449BB00777837 /* NIO */,
				0753A73D2BC449BB00777837 /* NIOCore */,
				0753A73F2BC449BB00777837 /* NIOHTTP1 */,
			);
			productName = smc_exporter;
			productReference = 0753A7302BC4498A00777837 /* smc_exporter */;
			productType = "com.apple.product-type.tool";
		};
/* End PBXNativeTarget section */

/* Begin PBXProject section */
		0753A7282BC4498A00777837 /* Project object */ = {
			isa = PBXProject;
			attributes = {
				BuildIndependentTargetsInParallel = 1;
				LastSwiftUpdateCheck = 1530;
				LastUpgradeCheck = 1530;
				TargetAttributes = {
					0753A72F2BC4498A00777837 = {
						CreatedOnToolsVersion = 15.3;
					};
				};
			};
			buildConfigurationList = 0753A72B2BC4498A00777837 /* Build configuration list for PBXProject "smc_exporter" */;
			compatibilityVersion = "Xcode 14.0";
			developmentRegion = en;
			hasScannedForEncodings = 0;
			knownRegions = (
				en,
				Base,
			);
			mainGroup = 0753A7272BC4498A00777837;
			packageReferences = (
				0753A73A2BC449BB00777837 /* XCRemoteSwiftPackageReference "swift-nio" */,
			);
			productRefGroup = 0753A7312BC4498A00777837 /* Products */;
			projectDirPath = "";
			projectRoot = "";
			targets = (
				0753A72F2BC4498A00777837 /* smc_exporter */,
			);
		};
/* End PBXProject section */

/* Begin PBXSourcesBuildPhase section */
		0753A72C2BC4498A00777837 /* Sources */ = {
			isa = PBXSourcesBuildPhase;
			buildActionMask = 2147483647;
			files = (
				0753A7342BC4498A00777837 /* main.swift in Sources */,
				07DDB74D2BC5A73100F3D470 /* smc.swift in Sources */,
				07DDB74C2BC5A73100F3D470 /* Sensors.swift in Sources */,
			);
			runOnlyForDeploymentPostprocessing = 0;
		};
/* End PBXSourcesBuildPhase section */

/* Begin XCBuildConfiguration section */
		0753A7352BC4498A00777837 /* Debug */ = {
			isa = XCBuildConfiguration;
			buildSettings = {
				ALWAYS_SEARCH_USER_PATHS = NO;
				ASSETCATALOG_COMPILER_GENERATE_SWIFT_ASSET_SYMBOL_EXTENSIONS = YES;
				CLANG_ANALYZER_NONNULL = YES;
				CLANG_ANALYZER_NUMBER_OBJECT_CONVERSION = YES_AGGRESSIVE;
				CLANG_CXX_LANGUAGE_STANDARD = "gnu++20";
				CLANG_ENABLE_MODULES = YES;
				CLANG_ENABLE_OBJC_ARC = YES;
				CLANG_ENABLE_OBJC_WEAK = YES;
				CLANG_WARN_BLOCK_CAPTURE_AUTORELEASING = YES;
				CLANG_WARN_BOOL_CONVERSION = YES;
				CLANG_WARN_COMMA = YES;
				CLANG_WARN_CONSTANT_CONVERSION = YES;
				CLANG_WARN_DEPRECATED_OBJC_IMPLEMENTATIONS = YES;
				CLANG_WARN_DIRECT_OBJC_ISA_USAGE = YES_ERROR;
				CLANG_WARN_DOCUMENTATION_COMMENTS = YES;
				CLANG_WARN_EMPTY_BODY = YES;
				CLANG_WARN_ENUM_CONVERSION = YES;
				CLANG_WARN_INFINITE_RECURSION = YES;
				CLANG_WARN_INT_CONVERSION = YES;
				CLANG_WARN_NON_LITERAL_NULL_CONVERSION = YES;
				CLANG_WARN_OBJC_IMPLICIT_RETAIN_SELF = YES;
				CLANG_WARN_OBJC_LITERAL_CONVERSION = YES;
				CLANG_WARN_OBJC_ROOT_CLASS = YES_ERROR;
				CLANG_WARN_QUOTED_INCLUDE_IN_FRAMEWORK_HEADER = YES;
				CLANG_WARN_RANGE_LOOP_ANALYSIS = YES;
				CLANG_WARN_STRICT_PROTOTYPES = YES;
				CLANG_WARN_SUSPICIOUS_MOVE = YES;
				CLANG_WARN_UNGUARDED_AVAILABILITY = YES_AGGRESSIVE;
				CLANG_WARN_UNREACHABLE_CODE = YES;
				CLANG_WARN__DUPLICATE_METHOD_MATCH = YES;
				COPY_PHASE_STRIP = NO;
				DEBUG_INFORMATION_FORMAT = dwarf;
				ENABLE_STRICT_OBJC_MSGSEND = YES;
				ENABLE_TESTABILITY = YES;
				ENABLE_USER_SCRIPT_SANDBOXING = YES;
				GCC_C_LANGUAGE_STANDARD = gnu17;
				GCC_DYNAMIC_NO_PIC = NO;
				GCC_NO_COMMON_BLOCKS = YES;
				GCC_OPTIMIZATION_LEVEL = 0;
				GCC_PREPROCESSOR_DEFINITIONS = (
					"DEBUG=1",
					"$(inherited)",
				);
				GCC_WARN_64_TO_32_BIT_CONVERSION = YES;
				GCC_WARN_ABOUT_RETURN_TYPE = YES_ERROR;
				GCC_WARN_UNDECLARED_SELECTOR = YES;
				GCC_WARN_UNINITIALIZED_AUTOS = YES_AGGRESSIVE;
				GCC_WARN_UNUSED_FUNCTION = YES;
				GCC_WARN_UNUSED_VARIABLE = YES;
				LOCALIZATION_PREFERS_STRING_CATALOGS = YES;
				MACOSX_DEPLOYMENT_TARGET = 13.4;
				MTL_ENABLE_DEBUG_INFO = INCLUDE_SOURCE;
				MTL_FAST_MATH = YES;
				ONLY_ACTIVE_ARCH = YES;
				SDKROOT = macosx;
				SWIFT_ACTIVE_COMPILATION_CONDITIONS = "DEBUG $(inherited)";
				SWIFT_OPTIMIZATION_LEVEL = "-Onone";
			};
			name = Debug;
		};
		0753A7362BC4498A00777837 /* Release */ = {
			isa = XCBuildConfiguration;
			buildSettings = {
				ALWAYS_SEARCH_USER_PATHS = NO;
				ASSETCATALOG_COMPILER_GENERATE_SWIFT_ASSET_SYMBOL_EXTENSIONS = YES;
				CLANG_ANALYZER_NONNULL = YES;
				CLANG_ANALYZER_NUMBER_OBJECT_CONVERSION = YES_AGGRESSIVE;
				CLANG_CXX_LANGUAGE_STANDARD = "gnu++20";
				CLANG_ENABLE_MODULES = YES;
				CLANG_ENABLE_OBJC_ARC = YES;
				CLANG_ENABLE_OBJC_WEAK = YES;
				CLANG_WARN_BLOCK_CAPTURE_AUTORELEASING = YES;
				CLANG_WARN_BOOL_CONVERSION = YES;
				CLANG_WARN_COMMA = YES;
				CLANG_WARN_CONSTANT_CONVERSION = YES;
				CLANG_WARN_DEPRECATED_OBJC_IMPLEMENTATIONS = YES;
				CLANG_WARN_DIRECT_OBJC_ISA_USAGE = YES_ERROR;
				CLANG_WARN_DOCUMENTATION_COMMENTS = YES;
				CLANG_WARN_EMPTY_BODY = YES;
				CLANG_WARN_ENUM_CONVERSION = YES;
				CLANG_WARN_INFINITE_RECURSION = YES;
				CLANG_WARN_INT_CONVERSION = YES;
				CLANG_WARN_NON_LITERAL_NULL_CONVERSION = YES;
				CLANG_WARN_OBJC_IMPLICIT_RETAIN_SELF = YES;
				CLANG_WARN_OBJC_LITERAL_CONVERSION = YES;
				CLANG_WARN_OBJC_ROOT_CLASS = YES_ERROR;
				CLANG_WARN_QUOTED_INCLUDE_IN_FRAMEWORK_HEADER = YES;
				CLANG_WARN_RANGE_LOOP_ANALYSIS = YES;
				CLANG_WARN_STRICT_PROTOTYPES = YES;
				CLANG_WARN_SUSPICIOUS_MOVE = YES;
				CLANG_WARN_UNGUARDED_AVAILABILITY = YES_AGGRESSIVE;
				CLANG_WARN_UNREACHABLE_CODE = YES;
				CLANG_WARN__DUPLICATE_METHOD_MATCH = YES;
				COPY_PHASE_STRIP = NO;
				DEBUG_INFORMATION_FORMAT = "dwarf-with-dsym";
				ENABLE_NS_ASSERTIONS = NO;
				ENABLE_STRICT_OBJC_MSGSEND = YES;
				ENABLE_USER_SCRIPT_SANDBOXING = YES;
				GCC_C_LANGUAGE_STANDARD = gnu17;
				GCC_NO_COMMON_BLOCKS = YES;
				GCC_WARN_64_TO_32_BIT_CONVERSION = YES;
				GCC_WARN_ABOUT_RETURN_TYPE = YES_ERROR;
				GCC_WARN_UNDECLARED_SELECTOR = YES;
				GCC_WARN_UNINITIALIZED_AUTOS = YES_AGGRESSIVE;
				GCC_WARN_UNUSED_FUNCTION = YES;
				GCC_WARN_UNUSED_VARIABLE = YES;
				LOCALIZATION_PREFERS_STRING_CATALOGS = YES;
				MACOSX_DEPLOYMENT_TARGET = 13.4;
				MTL_ENABLE_DEBUG_INFO = NO;
				MTL_FAST_MATH = YES;
				SDKROOT = macosx;
				SWIFT_COMPILATION_MODE = wholemodule;
			};
			name = Release;
		};
		0753A7382BC4498A00777837 /* Debug */ = {
			isa = XCBuildConfiguration;
			buildSettings = {
				CODE_SIGN_STYLE = Automatic;
				DEVELOPMENT_TEAM = 98TLNPQ359;
				ENABLE_HARDENED_RUNTIME = YES;
				PRODUCT_NAME = "$(TARGET_NAME)";
				SWIFT_VERSION = 5.0;
			};
			name = Debug;
		};
		0753A7392BC4498A00777837 /* Release */ = {
			isa = XCBuildConfiguration;
			buildSettings = {
				CODE_SIGN_STYLE = Automatic;
				DEVELOPMENT_TEAM = 98TLNPQ359;
				ENABLE_HARDENED_RUNTIME = YES;
				PRODUCT_NAME = "$(TARGET_NAME)";
				SWIFT_VERSION = 5.0;
			};
			name = Release;
		};
/* End XCBuildConfiguration section */

/* Begin XCConfigurationList section */
		0753A72B2BC4498A00777837 /* Build configuration list for PBXProject "smc_exporter" */ = {
			isa = XCConfigurationList;
			buildConfigurations = (
				0753A7352BC4498A00777837 /* Debug */,
				0753A7362BC4498A00777837 /* Release */,
			);
			defaultConfigurationIsVisible = 0;
			defaultConfigurationName = Release;
		};
		0753A7372BC4498A00777837 /* Build configuration list for PBXNativeTarget "smc_exporter" */ = {
			isa = XCConfigurationList;
			buildConfigurations = (
				0753A7382BC4498A00777837 /* Debug */,
				0753A7392BC4498A00777837 /* Release */,
			);
			defaultConfigurationIsVisible = 0;
			defaultConfigurationName = Release;
		};
/* End XCConfigurationList section */

/* Begin XCRemoteSwiftPackageReference section */
		0753A73A2BC449BB00777837 /* XCRemoteSwiftPackageReference "swift-nio" */ = {
			isa = XCRemoteSwiftPackageReference;
			repositoryURL = "https://github.com/apple/swift-nio.git";
			requirement = {
				kind = upToNextMajorVersion;
				minimumVersion = 2.64.0;
			};
		};
/* End XCRemoteSwiftPackageReference section */

/* Begin XCSwiftPackageProductDependency section */
		0753A73B2BC449BB00777837 /* NIO */ = {
			isa = XCSwiftPackageProductDependency;
			package = 0753A73A2BC449BB00777837 /* XCRemoteSwiftPackageReference "swift-nio" */;
			productName = NIO;
		};
		0753A73D2BC449BB00777837 /* NIOCore */ = {
			isa = XCSwiftPackageProductDependency;
			package = 0753A73A2BC449BB00777837 /* XCRemoteSwiftPackageReference "swift-nio" */;
			productName = NIOCore;
		};
		0753A73F2BC449BB00777837 /* NIOHTTP1 */ = {
			isa = XCSwiftPackageProductDependency;
			package = 0753A73A2BC449BB00777837 /* XCRemoteSwiftPackageReference "swift-nio" */;
			productName = NIOHTTP1;
		};
/* End XCSwiftPackageProductDependency section */
	};
	rootObject = 0753A7282BC4498A00777837 /* Project object */;
}
